github.com/davecgh/go-spew v1.1.0 h1:ZDRjVQ15GmhC3fiQ8ni8+OwkZQO4DARzQgrnXU1Liz8=
github.com/davecgh/go-spew v1.1.0/go.mod h1:J7Y8YcW2NihsgmVo/mv3lAwl/skON4iLHjSsI+c5H38=
github.com/leanovate/gopter v0.2.8 h1:eFPtJ3aa5zLfbxGROSNY75T9Dume60CWBAqoWQ3h/ig=
github.com/leanovate/gopter v0.2.8/go.mod h1:gNcbPWNEWRe4lm+bycKqxUYoH5uoVje5SkOJ3uoLer8=
github.com/m3db/bitset v2.0.0+incompatible h1:wMgri1Z2QSwJ8K/7ZuV7vE4feLOT7EofVC8RakIOybI=
github.com/m3db/bitset v2.0.0+incompatible/go.mod h1:X8CCqZmZxs2O6d4qHhiqtAKCin4G5mScPhiwX9rsc5c=
github.com/m3db/bloom v3.0.1+incompatible h1:EILDlnoiPKJAGtg3RCm7Zf5VIpwh+hgcHokoZNzeJy8=
github.com/m3db/bloom v3.0.1+incompatible/go.mod h1:W6XzpFw4t+CIYq+NGyp5c2394YsUc1P1+W/KAWty2lU=
github.com/m3db/stackmurmur3 v1.0.1 h1:ASTdJ6Bd2m34dgsnOBZHrwWdKGcpaavP3MokiKL/ERs=
github.com/m3db/stackmurmur3 v1.0.1/go.mod h1:hkR/F91aDUfPxDv5Jw55ifIXV6ZW1jzNHW0d8GP02rw=
github.com/magiconair/properties v1.8.2 h1:znVR8Q4g7/WlcvsxLBRWvo+vtFJUAbDn3w+Yak2xVMI=
github.com/magiconair/properties v1.8.2/go.mod h1:y3VJvCyxH9uVvJTWEGAELF3aiYNyPKd5NZ3oSwXrF60=
github.com/pmezard/go-difflib v1.0.0 h1:4DBwDE0NGyQoBHbLQYPwSUPoCMWR5BEzIk/f1lZbAQM=
github.com/pmezard/go-difflib v1.0.0/go.mod h1:iKH77koFhYxTK1pcRnkKkqfTogsbg7gZNVY4sRDYZ/4=
github.com/spaolacci/murmur3 v1.1.0 h1:7c1g84S4BPRrfL5Xrdp6fOJ206sU9y293DDHaoy0bLI=
github.com/spaolacci/murmur3 v1.1.0/go.mod h1:JwIasOWyU6f++ZhiEuf87xNszmSA2myDM2Kzu9HwQUA=
github.com/stretchr/objx v0.1.0/go.mod h1:HFkY916IF+rwdDfMAkV7OtwuqBVzrE8GR6GFx+wExME=
github.com/stretchr/testify v1.6.1 h1:hDPOHmpOpP40lSULcqw7IrRb/u7w6RpDC9399XyoNd0=
github.com/stretchr/testify v1.6.1/go.mod h1:6Fq8oRcR53rry900zMqJjRRixrwX3KX962/h/Wwjteg=
github.com/twmb/murmur3 v1.1.4 h1:NnlAxelwOgdQDmYuV0T/K+tpDQ/8wdsDVOGmvUqBOCw=
github.com/twmb/murmur3 v1.1.4/go.mod h1:Qq/R7NUyOfr65zD+6Q5IHKsJLwP7exErjN6lyyq3OSQ=
gopkg.in/check.v1 v0.0.0-20161208181325-20d25e280405 h1:yhCVgyC4o1eVCa2tZl7eS0r+SDo693bJlVdllGtEeKM=
gopkg.in/check.v1 v0.0.0-20161208181325-20d25e280405/go.mod h1:Co6ibVJAznAaIkqp8huTwlJQCZ016jof/cbN4VW5Yz0=
gopkg.in/yaml.v3 v3.0.0-20200313102051-9f266ea9e77c h1:dUUwHk2QECo/6vqA44rthZ8ie2QXMNeKRTHCNY2nXvo=
gopkg.in/yaml.v3 v3.0.0-20200313102051-9f266ea9e77c/go.mod h1:K4uyk7z7BCEPqu6E+C64Yfv1cQ7kz7rIZviUmN+EgEM=
